# This file is automatically @generated by Cargo.
# It is not intended for manual editing.
version = 3

[[package]]
name = "bit-set"
version = "0.4.0"
source = "registry+https://github.com/rust-lang/crates.io-index"
checksum = "d9bf6104718e80d7b26a68fdbacff3481cfc05df670821affc7e9cbc1884400c"
dependencies = [
 "bit-vec",
]

[[package]]
name = "bit-vec"
version = "0.4.4"
source = "registry+https://github.com/rust-lang/crates.io-index"
checksum = "02b4ff8b16e6076c3e14220b39fbc1fabb6737522281a388998046859400895f"

[[package]]
name = "cr8"
version = "0.1.0"
dependencies = [
 "plex",
]

[[package]]
name = "lalr"
version = "0.0.2"
source = "registry+https://github.com/rust-lang/crates.io-index"
checksum = "106d7548f95adbe3019b4fc4954554d7b72535867aa9ce326d2f766b68958de7"

[[package]]
name = "plex"
version = "0.3.0"
source = "registry+https://github.com/rust-lang/crates.io-index"
checksum = "23db74c6485b55f923692cda71d300e1d8f593d18ccba17fd54a90006299ff4b"
dependencies = [
 "lalr",
 "proc-macro2",
 "quote",
 "redfa",
 "syn",
]

[[package]]
name = "proc-macro2"
version = "1.0.78"
source = "registry+https://github.com/rust-lang/crates.io-index"
checksum = "e2422ad645d89c99f8f3e6b88a9fdeca7fabeac836b1002371c4367c8f984aae"
dependencies = [
 "unicode-ident",
]

[[package]]
name = "quote"
version = "1.0.35"
source = "registry+https://github.com/rust-lang/crates.io-index"
checksum = "291ec9ab5efd934aaf503a6466c5d5251535d108ee747472c3977cc5acc868ef"
dependencies = [
 "proc-macro2",
]

[[package]]
name = "redfa"
version = "0.0.2"
source = "registry+https://github.com/rust-lang/crates.io-index"
checksum = "29cc2771cc9f5fb0061cdedc05a37170254694dffec6b89920a6e767f08c4220"
dependencies = [
 "bit-set",
 "vec_map",
]

[[package]]
name = "syn"
version = "2.0.50"
source = "registry+https://github.com/rust-lang/crates.io-index"
checksum = "74f1bdc9872430ce9b75da68329d1c1746faf50ffac5f19e02b71e37ff881ffb"
dependencies = [
 "proc-macro2",
 "quote",
 "unicode-ident",
]

[[package]]
name = "unicode-ident"
version = "1.0.12"
source = "registry+https://github.com/rust-lang/crates.io-index"
checksum = "3354b9ac3fae1ff6755cb6db53683adb661634f67557942dea4facebec0fee4b"

[[package]]
name = "vec_map"
version = "0.6.0"
source = "registry+https://github.com/rust-lang/crates.io-index"
checksum = "cac5efe5cb0fa14ec2f84f83c701c562ee63f6dcc680861b21d65c682adfb05f"
